{
  "name": "polyglot-monorepo",
  "lockfileVersion": 3,
  "packages": {
    "node_modules/rc-1": {
      "version": "1.0.0"
    },
    "node_modules/rc-2": {
      "version": "1.0.0"
    },
    "node_modules/rc-3": {
      "version": "1.0.0"
    },
    "node_modules/rc-4": {
      "version": "1.0.0"
    },
    "node_modules/rc-5": {
      "version": "1.0.0"
    },
    "node_modules/rc-6": {
      "version": "1.0.0"
    },
    "node_modules/rc-7": {
      "version": "1.0.0"
    },
    "node_modules/rc-8": {
      "version": "1.0.0"
    },
    "node_modules/rc-9": {
      "version": "1.0.0"
    },
    "node_modules/rc-10": {
      "version": "1.0.0"
    },
    "node_modules/rc-11": {
      "version": "1.0.0"
    },
    "node_modules/rc-12": {
      "version": "1.0.0"
    },
    "node_modules/rc-13": {
      "version": "1.0.0"
    },
    "node_modules/rc-14": {
      "version": "1.0.0"
    },
    "node_modules/rc-15": {
      "version": "1.0.0"
    },
    "node_modules/rc-16": {
      "version": "1.0.0"
    },
    "node_modules/rc-17": {
      "version": "1.0.0"
    },
    "node_modules/rc-18": {
      "version": "1.0.0"
    },
    "node_modules/rc-19": {
      "version": "1.0.0"
    },
    "node_modules/rc-20": {
      "version": "1.0.0"
    },
    "node_modules/rc-21": {
      "version": "1.0.0"
    },
    "node_modules/rc-22": {
      "version": "1.0.0"
    },
    "node_modules/rc-23": {
      "version": "1.0.0"
    },
    "node_modules/rc-24": {
      "version": "1.0.0"
    }
  }
}