{
  "name": "node-esm-app",
  "lockfileVersion": 3,
  "packages": {
    "node_modules/pkg-1": {
      "version": "1.1.0",
      "resolved": "https://registry.npmjs.org/pkg-1/-/pkg-1-1.0.tgz"
    },
    "node_modules/pkg-2": {
      "version": "1.2.0",
      "resolved": "https://registry.npmjs.org/pkg-2/-/pkg-2-1.0.tgz"
    },
    "node_modules/pkg-3": {
      "version": "1.3.0",
      "resolved": "https://registry.npmjs.org/pkg-3/-/pkg-3-1.0.tgz"
    },
    "node_modules/pkg-4": {
      "version": "1.4.0",
      "resolved": "https://registry.npmjs.org/pkg-4/-/pkg-4-1.0.tgz"
    },
    "node_modules/pkg-5": {
      "version": "1.5.0",
      "resolved": "https://registry.npmjs.org/pkg-5/-/pkg-5-1.0.tgz"
    },
    "node_modules/pkg-6": {
      "version": "1.6.0",
      "resolved": "https://registry.npmjs.org/pkg-6/-/pkg-6-1.0.tgz"
    },
    "node_modules/pkg-7": {
      "version": "1.7.0",
      "resolved": "https://registry.npmjs.org/pkg-7/-/pkg-7-1.0.tgz"
    },
    "node_modules/pkg-8": {
      "version": "1.8.0",
      "resolved": "https://registry.npmjs.org/pkg-8/-/pkg-8-1.0.tgz"
    },
    "node_modules/pkg-9": {
      "version": "1.9.0",
      "resolved": "https://registry.npmjs.org/pkg-9/-/pkg-9-1.0.tgz"
    },
    "node_modules/pkg-10": {
      "version": "1.10.0",
      "resolved": "https://registry.npmjs.org/pkg-10/-/pkg-10-1.0.tgz"
    },
    "node_modules/pkg-11": {
      "version": "1.11.0",
      "resolved": "https://registry.npmjs.org/pkg-11/-/pkg-11-1.0.tgz"
    },
    "node_modules/pkg-12": {
      "version": "1.12.0",
      "resolved": "https://registry.npmjs.org/pkg-12/-/pkg-12-1.0.tgz"
    },
    "node_modules/pkg-13": {
      "version": "1.13.0",
      "resolved": "https://registry.npmjs.org/pkg-13/-/pkg-13-1.0.tgz"
    },
    "node_modules/pkg-14": {
      "version": "1.14.0",
      "resolved": "https://registry.npmjs.org/pkg-14/-/pkg-14-1.0.tgz"
    },
    "node_modules/pkg-15": {
      "version": "1.15.0",
      "resolved": "https://registry.npmjs.org/pkg-15/-/pkg-15-1.0.tgz"
    },
    "node_modules/pkg-16": {
      "version": "1.16.0",
      "resolved": "https://registry.npmjs.org/pkg-16/-/pkg-16-1.0.tgz"
    },
    "node_modules/pkg-17": {
      "version": "1.17.0",
      "resolved": "https://registry.npmjs.org/pkg-17/-/pkg-17-1.0.tgz"
    },
    "node_modules/pkg-18": {
      "version": "1.18.0",
      "resolved": "https://registry.npmjs.org/pkg-18/-/pkg-18-1.0.tgz"
    },
    "node_modules/pkg-19": {
      "version": "1.19.0",
      "resolved": "https://registry.npmjs.org/pkg-19/-/pkg-19-1.0.tgz"
    },
    "node_modules/pkg-20": {
      "version": "1.20.0",
      "resolved": "https://registry.npmjs.org/pkg-20/-/pkg-20-1.0.tgz"
    },
    "node_modules/pkg-21": {
      "version": "1.21.0",
      "resolved": "https://registry.npmjs.org/pkg-21/-/pkg-21-1.0.tgz"
    },
    "node_modules/pkg-22": {
      "version": "1.22.0",
      "resolved": "https://registry.npmjs.org/pkg-22/-/pkg-22-1.0.tgz"
    },
    "node_modules/pkg-23": {
      "version": "1.23.0",
      "resolved": "https://registry.npmjs.org/pkg-23/-/pkg-23-1.0.tgz"
    },
    "node_modules/pkg-24": {
      "version": "1.24.0",
      "resolved": "https://registry.npmjs.org/pkg-24/-/pkg-24-1.0.tgz"
    },
    "node_modules/pkg-25": {
      "version": "1.25.0",
      "resolved": "https://registry.npmjs.org/pkg-25/-/pkg-25-1.0.tgz"
    },
    "node_modules/pkg-26": {
      "version": "1.26.0",
      "resolved": "https://registry.npmjs.org/pkg-26/-/pkg-26-1.0.tgz"
    },
    "node_modules/pkg-27": {
      "version": "1.27.0",
      "resolved": "https://registry.npmjs.org/pkg-27/-/pkg-27-1.0.tgz"
    },
    "node_modules/pkg-28": {
      "version": "1.28.0",
      "resolved": "https://registry.npmjs.org/pkg-28/-/pkg-28-1.0.tgz"
    },
    "node_modules/pkg-29": {
      "version": "1.29.0",
      "resolved": "https://registry.npmjs.org/pkg-29/-/pkg-29-1.0.tgz"
    },
    "node_modules/pkg-30": {
      "version": "1.30.0",
      "resolved": "https://registry.npmjs.org/pkg-30/-/pkg-30-1.0.tgz"
    },
    "node_modules/pkg-31": {
      "version": "1.31.0",
      "resolved": "https://registry.npmjs.org/pkg-31/-/pkg-31-1.0.tgz"
    },
    "node_modules/pkg-32": {
      "version": "1.32.0",
      "resolved": "https://registry.npmjs.org/pkg-32/-/pkg-32-1.0.tgz"
    },
    "node_modules/pkg-33": {
      "version": "1.33.0",
      "resolved": "https://registry.npmjs.org/pkg-33/-/pkg-33-1.0.tgz"
    },
    "node_modules/pkg-34": {
      "version": "1.34.0",
      "resolved": "https://registry.npmjs.org/pkg-34/-/pkg-34-1.0.tgz"
    },
    "node_modules/pkg-35": {
      "version": "1.35.0",
      "resolved": "https://registry.npmjs.org/pkg-35/-/pkg-35-1.0.tgz"
    },
    "node_modules/pkg-36": {
      "version": "1.36.0",
      "resolved": "https://registry.npmjs.org/pkg-36/-/pkg-36-1.0.tgz"
    },
    "node_modules/pkg-37": {
      "version": "1.37.0",
      "resolved": "https://registry.npmjs.org/pkg-37/-/pkg-37-1.0.tgz"
    },
    "node_modules/pkg-38": {
      "version": "1.38.0",
      "resolved": "https://registry.npmjs.org/pkg-38/-/pkg-38-1.0.tgz"
    },
    "node_modules/pkg-39": {
      "version": "1.39.0",
      "resolved": "https://registry.npmjs.org/pkg-39/-/pkg-39-1.0.tgz"
    }
  }
}